
Microsoft Visual Studio Solution File, Format Version 12.00
# Visual Studio Version 17
VisualStudioVersion = 17.7.34024.191
MinimumVisualStudioVersion = 10.0.40219.1
Project("{9A19103F-16F7-4668-BE54-9A1E7A4F7556}") = "GiftAPI", "GiftAPI\GiftAPI.csproj", "{3443B9C8-98F3-4E41-8F2D-265080476A71}"
EndProject
Project("{FAE04EC0-301F-11D3-BF4B-00C04F79EFBC}") = "GiftInfoLibraryy", "GiftInfoLibraryy\GiftInfoLibraryy.csproj", "{98961ACC-E3C1-4C94-8342-04DB9B04BE95}"
EndProject
Global
	GlobalSection(SolutionConfigurationPlatforms) = preSolution
		Debug|Any CPU = Debug|Any CPU
		Release|Any CPU = Release|Any CPU
	EndGlobalSection
	GlobalSection(ProjectConfigurationPlatforms) = postSolution
		{3443B9C8-98F3-4E41-8F2D-265080476A71}.Debug|Any CPU.ActiveCfg = Debug|Any CPU
		{3443B9C8-98F3-4E41-8F2D-265080476A71}.Debug|Any CPU.Build.0 = Debug|Any CPU
		{3443B9C8-98F3-4E41-8F2D-265080476A71}.Release|Any CPU.ActiveCfg = Release|Any CPU
		{3443B9C8-98F3-4E41-8F2D-265080476A71}.Release|Any CPU.Build.0 = Release|Any CPU
		{98961ACC-E3C1-4C94-8342-04DB9B04BE95}.Debug|Any CPU.ActiveCfg = Debug|Any CPU
		{98961ACC-E3C1-4C94-8342-04DB9B04BE95}.Debug|Any CPU.Build.0 = Debug|Any CPU
		{98961ACC-E3C1-4C94-8342-04DB9B04BE95}.Release|Any CPU.ActiveCfg = Release|Any CPU
		{98961ACC-E3C1-4C94-8342-04DB9B04BE95}.Release|Any CPU.Build.0 = Release|Any CPU
	EndGlobalSection
	GlobalSection(SolutionProperties) = preSolution
		HideSolutionNode = FALSE
	EndGlobalSection
	GlobalSection(ExtensibilityGlobals) = postSolution
		SolutionGuid = {380E4670-D7D0-4978-B633-C6B415218253}
	EndGlobalSection
EndGlobal
